{
  "name": "redux-persist",
  "version": "4.8.3",
  "lockfileVersion": 1,
  "requires": true,
  "dependencies": {
    "ava": {
      "version": "0.18.2",
      "resolved": "https://registry.npmjs.org/ava/-/ava-0.18.2.tgz",
      "integrity": "sha1-eSU9FjYHcDSieAu1W1w+bD1/MS8=",
      "dev": true
    },
    "babel-cli": {
      "version": "6.24.1",
      "resolved": "https://registry.npmjs.org/babel-cli/-/babel-cli-6.24.1.tgz",
      "integrity": "sha1-IHzXBbumFImy6kG1MSNBz2rKIoM=",
      "dev": true
    },
    "babel-core": {
      "version": "6.25.0",
      "resolved": "https://registry.npmjs.org/babel-core/-/babel-core-6.25.0.tgz",
      "integrity": "sha1-fdQrBGPHQunVKW3rPsZ6kyLa1yk=",
      "dev": true
    },
    "babel-eslint": {
      "version": "7.2.3",
      "resolved": "https://registry.npmjs.org/babel-eslint/-/babel-eslint-7.2.3.tgz",
      "integrity": "sha1-sv4tgBJkcPXBlELcdXJTqJdxCCc=",
      "dev": true
    },
    "babel-plugin-external-helpers": {
      "version": "6.22.0",
      "resolved": "https://registry.npmjs.org/babel-plugin-external-helpers/-/babel-plugin-external-helpers-6.22.0.tgz",
      "integrity": "sha1-IoX0iwK9Xe3oUXXK+MYuhq3M76E=",
      "dev": true
    },
    "babel-polyfill": {
      "version": "6.23.0",
      "resolved": "https://registry.npmjs.org/babel-polyfill/-/babel-polyfill-6.23.0.tgz",
      "integrity": "sha1-g2TKYt+Or7gwSZ9pkXdGbDsDSZ0=",
      "dev": true
    },
    "babel-preset-es2015": {
      "version": "6.24.1",
      "resolved": "https://registry.npmjs.org/babel-preset-es2015/-/babel-preset-es2015-6.24.1.tgz",
      "integrity": "sha1-1EBQ1rwsn+6nAqrzjXJ6AhBTiTk=",
      "dev": true
    },
    "babel-preset-stage-2": {
      "version": "6.24.1",
      "resolved": "https://registry.npmjs.org/babel-preset-stage-2/-/babel-preset-stage-2-6.24.1.tgz",
      "integrity": "sha1-2eKWD7PXEYfw5k7sYrwHdnIZvcE=",
      "dev": true
    },
    "cross-env": {
      "version": "3.2.4",
      "resolved": "https://registry.npmjs.org/cross-env/-/cross-env-3.2.4.tgz",
      "integrity": "sha1-ngWF8neGTtQhznVvgamA/w1piro=",
      "dev": true,
      "dependencies": {
        "cross-spawn": {
          "version": "5.1.0",
          "resolved": "https://registry.npmjs.org/cross-spawn/-/cross-spawn-5.1.0.tgz",
          "integrity": "sha1-6L0O/uWPz/b4+UUQoKVUu/ojVEk="
        }
      }
    },
    "immutable": {
      "version": "3.8.1",
      "resolved": "https://registry.npmjs.org/immutable/-/immutable-3.8.1.tgz",
      "integrity": "sha1-IAgH8Rqw9ycQ6khVQt4IgHX2jNI=",
      "dev": true
    },
    "json-stringify-safe": {
      "version": "5.0.1",
      "resolved": "https://registry.npmjs.org/json-stringify-safe/-/json-stringify-safe-5.0.1.tgz",
      "integrity": "sha1-Epai1Y/UXxmg9s4B1lcB4sc1tus="
    },
    "lodash": {
      "version": "4.17.21",
      "resolved": "https://registry.npmjs.org/lodash/-/lodash-4.17.21.tgz",
      "integrity": "sha512-v2kDEe57lecTulaDIuNTPy3Ry4gLGJ6Z1O3vE1krgXZNrsQ+LFTGHVxVjcXPs17LhbZVGedAJv8XZ1tvj5FvSg=="
    },
    "lodash-es": {
      "version": "4.17.4",
      "resolved": "https://registry.npmjs.org/lodash-es/-/lodash-es-4.17.4.tgz",
      "integrity": "sha1-3MHXVS4VCgZABzupyzHXDwMpUOc="
    },
    "redux": {
      "version": "3.7.0",
      "resolved": "https://registry.npmjs.org/redux/-/redux-3.7.0.tgz",
      "integrity": "sha512-GHjaOkEQtQnnuLoYPFkRKHIqs1i1tdTlisu/xUHfk2juzCobSy4STxs4Lz5bPkc07Owb6BeGKx/r76c9IVTkOw==",
      "dev": true,
      "dependencies": {
        "symbol-observable": {
          "version": "1.0.4",
          "resolved": "https://registry.npmjs.org/symbol-observable/-/symbol-observable-1.0.4.tgz",
          "integrity": "sha1-Kb9hXUqnEhvdiYsi1LP5vE4qoD0="
        }
      }
    },
    "rimraf": {
      "version": "2.5.4",
      "resolved": "https://registry.npmjs.org/rimraf/-/rimraf-2.5.4.tgz",
      "integrity": "sha1-loAAk8vxoMhr2VtGJUZ1NcKd+gQ=",
      "dev": true
    },
    "rollup": {
      "version": "0.41.6",
      "resolved": "https://registry.npmjs.org/rollup/-/rollup-0.41.6.tgz",
      "integrity": "sha1-4NBUl4d6OYwQTYFtJzOnGKepTio=",
      "dev": true
    },
    "rollup-plugin-babel": {
      "version": "2.7.1",
      "resolved": "https://registry.npmjs.org/rollup-plugin-babel/-/rollup-plugin-babel-2.7.1.tgz",
      "integrity": "sha1-FlKBl7D5OKFTb0RoPHqT1XMYL1c=",
      "dev": true
    },
    "rollup-plugin-commonjs": {
      "version": "8.0.2",
      "resolved": "https://registry.npmjs.org/rollup-plugin-commonjs/-/rollup-plugin-commonjs-8.0.2.tgz",
      "integrity": "sha1-mLFYm/4ypsD2d5C2DAtJmXKv7Yk=",
      "dev": true,
      "dependencies": {
        "estree-walker": {
          "version": "0.3.1",
          "resolved": "https://registry.npmjs.org/estree-walker/-/estree-walker-0.3.1.tgz",
          "integrity": "sha1-5rGlHPcpJSTnI3wxLl/mZgwc4ao="
        },
        "rollup-pluginutils": {
          "version": "2.0.1",
          "resolved": "https://registry.npmjs.org/rollup-pluginutils/-/rollup-pluginutils-2.0.1.tgz",
          "integrity": "sha1-fslbNXP2VDpGpkYb2afFRFJdD8A="
        }
      }
    },
    "rollup-plugin-node-resolve": {
      "version": "3.0.0",
      "resolved": "https://registry.npmjs.org/rollup-plugin-node-resolve/-/rollup-plugin-node-resolve-3.0.0.tgz",
      "integrity": "sha1-i4l8TDAw1QASd7BRSyXSygloPuA=",
      "dev": true
    },
    "rollup-plugin-replace": {
      "version": "1.1.1",
      "resolved": "https://registry.npmjs.org/rollup-plugin-replace/-/rollup-plugin-replace-1.1.1.tgz",
      "integrity": "sha1-OWMV3tBQps5DuVGKiGo/YO+x6jM=",
      "dev": true,
      "dependencies": {
        "magic-string": {
          "version": "0.15.2",
          "resolved": "https://registry.npmjs.org/magic-string/-/magic-string-0.15.2.tgz",
          "integrity": "sha1-BoHXOIdBu8Ot2qZQYJkmJMbAnpw="
        }
      }
    },
    "rollup-plugin-uglify": {
      "version": "1.0.2",
      "resolved": "https://registry.npmjs.org/rollup-plugin-uglify/-/rollup-plugin-uglify-1.0.2.tgz",
      "integrity": "sha1-1KpvXfE1Iurhuhd4DHxMcJYDg1k=",
      "dev": true
    },
    "standard": {
      "version": "8.6.0",
      "resolved": "https://registry.npmjs.org/standard/-/standard-8.6.0.tgz",
      "integrity": "sha1-Y1Eyvnv7VnwpIQBfMPnjUOR1Kq0=",
      "dev": true
    }
  }
}
